
Microsoft Visual Studio Solution File, Format Version 12.00
# Visual Studio Version 16
VisualStudioVersion = 16.0.31702.278
MinimumVisualStudioVersion = 10.0.40219.1
Project("{9A19103F-16F7-4668-BE54-9A1E7A4F7556}") = "mapa-do-bem-api", "mapa-do-bem-api.csproj", "{239A6688-7E15-4800-ACAB-948A3697FE80}"
EndProject
Project("{FAE04EC0-301F-11D3-BF4B-00C04F79EFBC}") = "mapa-do-bem-api-test", "..\mapa-do-bem-api-test\mapa-do-bem-api-test.csproj", "{D18269B5-0BCA-44D1-9583-4B00DCED5F19}"
EndProject
Global
	GlobalSection(SolutionConfigurationPlatforms) = preSolution
		Debug|Any CPU = Debug|Any CPU
		Release|Any CPU = Release|Any CPU
	EndGlobalSection
	GlobalSection(ProjectConfigurationPlatforms) = postSolution
		{239A6688-7E15-4800-ACAB-948A3697FE80}.Debug|Any CPU.ActiveCfg = Debug|Any CPU
		{239A6688-7E15-4800-ACAB-948A3697FE80}.Debug|Any CPU.Build.0 = Debug|Any CPU
		{239A6688-7E15-4800-ACAB-948A3697FE80}.Release|Any CPU.ActiveCfg = Release|Any CPU
		{239A6688-7E15-4800-ACAB-948A3697FE80}.Release|Any CPU.Build.0 = Release|Any CPU
		{D18269B5-0BCA-44D1-9583-4B00DCED5F19}.Debug|Any CPU.ActiveCfg = Debug|Any CPU
		{D18269B5-0BCA-44D1-9583-4B00DCED5F19}.Debug|Any CPU.Build.0 = Debug|Any CPU
		{D18269B5-0BCA-44D1-9583-4B00DCED5F19}.Release|Any CPU.ActiveCfg = Release|Any CPU
		{D18269B5-0BCA-44D1-9583-4B00DCED5F19}.Release|Any CPU.Build.0 = Release|Any CPU
	EndGlobalSection
	GlobalSection(SolutionProperties) = preSolution
		HideSolutionNode = FALSE
	EndGlobalSection
	GlobalSection(ExtensibilityGlobals) = postSolution
		SolutionGuid = {1C5627BC-4C57-4423-8D7D-42AC37177070}
	EndGlobalSection
EndGlobal
